<?xml version="1.0" encoding="utf-8"?>
<Project ToolsVersion="4.0" xmlns="http://schemas.microsoft.com/developer/msbuild/2003">
  <ItemGroup>
    <Filter Include="Source Files">
      <UniqueIdentifier>{4FC737F1-C7A5-4376-A066-2A32D752A2FF}</UniqueIdentifier>
      <Extensions>cpp;c;cc;cxx;def;odl;idl;hpj;bat;asm;asmx</Extensions>
    </Filter>
    <Filter Include="Map">
      <UniqueIdentifier>{7670c804-8d4a-42d1-95e2-8e8b7ad1e0e9}</UniqueIdentifier>
    </Filter>
    <Filter Include="Log">
      <UniqueIdentifier>{367ff29f-461f-4322-8d5e-2d22ccd75771}</UniqueIdentifier>
    </Filter>
    <Filter Include="D2Data">
      <UniqueIdentifier>{608254ff-1d1e-44ee-aa33-97edc2546d1b}</UniqueIdentifier>
    </Filter>
    <Filter Include="D2Data\Item">
      <UniqueIdentifier>{89362f56-7e74-4988-83b6-3951f5bdee3e}</UniqueIdentifier>
    </Filter>
    <Filter Include="Data">
      <UniqueIdentifier>{05c13189-e494-415d-bbae-b2979082c0a3}</UniqueIdentifier>
    </Filter>
    <Filter Include="datafolder">
      <UniqueIdentifier>{94c908ac-2857-42a1-86ad-5b1bf6fd0e54}</UniqueIdentifier>
    </Filter>
    <Filter Include="PiMap">
      <UniqueIdentifier>{708ef763-2ec7-443c-8aca-6aaa37cc8cb0}</UniqueIdentifier>
    </Filter>
  </ItemGroup>
  <ItemGroup>
    <ClCompile Include="main.cpp">
      <Filter>Source Files</Filter>
    </ClCompile>
    <ClCompile Include="CriticalSection.cpp">
      <Filter>PiMap</Filter>
    </ClCompile>
    <ClCompile Include="Thread.cpp">
      <Filter>PiMap</Filter>
    </ClCompile>
    <ClCompile Include="CollisionMap.cpp">
      <Filter>Map</Filter>
    </ClCompile>
    <ClCompile Include="D2Map.cpp">
      <Filter>Map</Filter>
    </ClCompile>
    <ClCompile Include="Maps.cpp">
      <Filter>Map</Filter>
    </ClCompile>
    <ClCompile Include="Offset.cpp">
      <Filter>Map</Filter>
    </ClCompile>
    <ClCompile Include="Log.cpp">
      <Filter>Log</Filter>
    </ClCompile>
    <ClCompile Include="d2data\BaseLevel.cpp">
      <Filter>D2Data</Filter>
    </ClCompile>
    <ClCompile Include="d2data\BaseStat.cpp">
      <Filter>D2Data</Filter>
    </ClCompile>
    <ClCompile Include="d2data\item\BaseArmor.cpp">
      <Filter>D2Data\Item</Filter>
    </ClCompile>
    <ClCompile Include="d2data\item\BaseItem.cpp">
      <Filter>D2Data\Item</Filter>
    </ClCompile>
    <ClCompile Include="d2data\item\BaseItemType.cpp">
      <Filter>D2Data\Item</Filter>
    </ClCompile>
    <ClCompile Include="d2data\item\BaseMiscItem.cpp">
      <Filter>D2Data\Item</Filter>
    </ClCompile>
    <ClCompile Include="d2data\item\BaseProperty.cpp">
      <Filter>D2Data\Item</Filter>
    </ClCompile>
    <ClCompile Include="d2data\item\BaseRuneword.cpp">
      <Filter>D2Data\Item</Filter>
    </ClCompile>
    <ClCompile Include="d2data\item\BaseWeapon.cpp">
      <Filter>D2Data\Item</Filter>
    </ClCompile>
    <ClCompile Include="d2data\item\ItemAffix.cpp">
      <Filter>D2Data\Item</Filter>
    </ClCompile>
    <ClCompile Include="d2data\item\ItemSet.cpp">
      <Filter>D2Data\Item</Filter>
    </ClCompile>
    <ClCompile Include="d2data\item\SetItem.cpp">
      <Filter>D2Data\Item</Filter>
    </ClCompile>
    <ClCompile Include="d2data\item\UniqueItem.cpp">
      <Filter>D2Data\Item</Filter>
    </ClCompile>
    <ClCompile Include="Files.cpp">
      <Filter>Data</Filter>
    </ClCompile>
  </ItemGroup>
  <ItemGroup>
    <ClInclude Include="CriticalSection.h">
      <Filter>PiMap</Filter>
    </ClInclude>
    <ClInclude Include="Thread.h">
      <Filter>PiMap</Filter>
    </ClInclude>
    <ClInclude Include="CollisionMap.h">
      <Filter>Map</Filter>
    </ClInclude>
    <ClInclude Include="D2Map.h">
      <Filter>Map</Filter>
    </ClInclude>
    <ClInclude Include="D2Ptrs.h">
      <Filter>Map</Filter>
    </ClInclude>
    <ClInclude Include="D2Structs.h">
      <Filter>Map</Filter>
    </ClInclude>
    <ClInclude Include="Maps.h">
      <Filter>Map</Filter>
    </ClInclude>
    <ClInclude Include="Offset.h">
      <Filter>Map</Filter>
    </ClInclude>
    <ClInclude Include="Patch.h">
      <Filter>Map</Filter>
    </ClInclude>
    <ClInclude Include="Log.h">
      <Filter>Log</Filter>
    </ClInclude>
    <ClInclude Include="d2data\AreaLevel.h">
      <Filter>D2Data</Filter>
    </ClInclude>
    <ClInclude Include="d2data\BaseLevel.h">
      <Filter>D2Data</Filter>
    </ClInclude>
    <ClInclude Include="d2data\BaseStat.h">
      <Filter>D2Data</Filter>
    </ClInclude>
    <ClInclude Include="d2data\BattleNet.h">
      <Filter>D2Data</Filter>
    </ClInclude>
    <ClInclude Include="d2data\CharacterClass.h">
      <Filter>D2Data</Filter>
    </ClInclude>
    <ClInclude Include="d2data\DamageType.h">
      <Filter>D2Data</Filter>
    </ClInclude>
    <ClInclude Include="d2data\Game.h">
      <Filter>D2Data</Filter>
    </ClInclude>
    <ClInclude Include="d2data\GameObjects.h">
      <Filter>D2Data</Filter>
    </ClInclude>
    <ClInclude Include="d2data\Messaging.h">
      <Filter>D2Data</Filter>
    </ClInclude>
    <ClInclude Include="d2data\NPCCode.h">
      <Filter>D2Data</Filter>
    </ClInclude>
    <ClInclude Include="d2data\NPCType.h">
      <Filter>D2Data</Filter>
    </ClInclude>
    <ClInclude Include="d2data\Players.h">
      <Filter>D2Data</Filter>
    </ClInclude>
    <ClInclude Include="d2data\Quests.h">
      <Filter>D2Data</Filter>
    </ClInclude>
    <ClInclude Include="d2data\SkillInfo.h">
      <Filter>D2Data</Filter>
    </ClInclude>
    <ClInclude Include="d2data\SkillTab.h">
      <Filter>D2Data</Filter>
    </ClInclude>
    <ClInclude Include="d2data\SkillType.h">
      <Filter>D2Data</Filter>
    </ClInclude>
    <ClInclude Include="d2data\Stat.h">
      <Filter>D2Data</Filter>
    </ClInclude>
    <ClInclude Include="d2data\StateType.h">
      <Filter>D2Data</Filter>
    </ClInclude>
    <ClInclude Include="d2data\StatType.h">
      <Filter>D2Data</Filter>
    </ClInclude>
    <ClInclude Include="d2data\UnitType.h">
      <Filter>D2Data</Filter>
    </ClInclude>
    <ClInclude Include="d2data\WarpType.h">
      <Filter>D2Data</Filter>
    </ClInclude>
    <ClInclude Include="d2data\item\BaseArmor.h">
      <Filter>D2Data\Item</Filter>
    </ClInclude>
    <ClInclude Include="d2data\item\BaseItem.h">
      <Filter>D2Data\Item</Filter>
    </ClInclude>
    <ClInclude Include="d2data\item\BaseItemType.h">
      <Filter>D2Data\Item</Filter>
    </ClInclude>
    <ClInclude Include="d2data\item\BaseMiscItem.h">
      <Filter>D2Data\Item</Filter>
    </ClInclude>
    <ClInclude Include="d2data\item\BaseProperty.h">
      <Filter>D2Data\Item</Filter>
    </ClInclude>
    <ClInclude Include="d2data\item\BaseRuneword.h">
      <Filter>D2Data\Item</Filter>
    </ClInclude>
    <ClInclude Include="d2data\item\BaseWeapon.h">
      <Filter>D2Data\Item</Filter>
    </ClInclude>
    <ClInclude Include="d2data\item\ItemAffix.h">
      <Filter>D2Data\Item</Filter>
    </ClInclude>
    <ClInclude Include="d2data\item\ItemEnums.h">
      <Filter>D2Data\Item</Filter>
    </ClInclude>
    <ClInclude Include="d2data\item\ItemKind.h">
      <Filter>D2Data\Item</Filter>
    </ClInclude>
    <ClInclude Include="d2data\item\ItemSet.h">
      <Filter>D2Data\Item</Filter>
    </ClInclude>
    <ClInclude Include="d2data\item\ItemSetType.h">
      <Filter>D2Data\Item</Filter>
    </ClInclude>
    <ClInclude Include="d2data\item\ItemStat.h">
      <Filter>D2Data\Item</Filter>
    </ClInclude>
    <ClInclude Include="d2data\item\ItemType.h">
      <Filter>D2Data\Item</Filter>
    </ClInclude>
    <ClInclude Include="d2data\item\MagicPrefixType.h">
      <Filter>D2Data\Item</Filter>
    </ClInclude>
    <ClInclude Include="d2data\item\MagicSuffixType.h">
      <Filter>D2Data\Item</Filter>
    </ClInclude>
    <ClInclude Include="d2data\item\RunewordType.h">
      <Filter>D2Data\Item</Filter>
    </ClInclude>
    <ClInclude Include="d2data\item\SetItem.h">
      <Filter>D2Data\Item</Filter>
    </ClInclude>
    <ClInclude Include="d2data\item\SetItemType.h">
      <Filter>D2Data\Item</Filter>
    </ClInclude>
    <ClInclude Include="d2data\item\UniqueItem.h">
      <Filter>D2Data\Item</Filter>
    </ClInclude>
    <ClInclude Include="d2data\item\UniqueItemType.h">
      <Filter>D2Data\Item</Filter>
    </ClInclude>
    <ClInclude Include="Files.h">
      <Filter>Data</Filter>
    </ClInclude>
  </ItemGroup>
  <ItemGroup>
    <None Include="datafolder\BaseArmor.csv">
      <Filter>datafolder</Filter>
    </None>
    <None Include="datafolder\BaseItemType.csv">
      <Filter>datafolder</Filter>
    </None>
    <None Include="datafolder\BaseMiscItem.csv">
      <Filter>datafolder</Filter>
    </None>
    <None Include="datafolder\BaseProperty.csv">
      <Filter>datafolder</Filter>
    </None>
    <None Include="datafolder\BaseRuneword.csv">
      <Filter>datafolder</Filter>
    </None>
    <None Include="datafolder\BaseSetItem.csv">
      <Filter>datafolder</Filter>
    </None>
    <None Include="datafolder\BaseStat.csv">
      <Filter>datafolder</Filter>
    </None>
    <None Include="datafolder\BaseUniqueItem.csv">
      <Filter>datafolder</Filter>
    </None>
    <None Include="datafolder\BaseWeapon.csv">
      <Filter>datafolder</Filter>
    </None>
    <None Include="datafolder\ClassIdName.bin">
      <Filter>datafolder</Filter>
    </None>
    <None Include="datafolder\ItemSet.csv">
      <Filter>datafolder</Filter>
    </None>
    <None Include="datafolder\itemstatcost.bin">
      <Filter>datafolder</Filter>
    </None>
    <None Include="datafolder\NpcGfxType.bin">
      <Filter>datafolder</Filter>
    </None>
    <None Include="datafolder\NpcStats.bin">
      <Filter>datafolder</Filter>
    </None>
    <None Include="datafolder\SuperUnique.bin">
      <Filter>datafolder</Filter>
    </None>
  </ItemGroup>
</Project>